<?xml version="1.0" encoding="utf-8"?>
<Project ToolsVersion="4.0" xmlns="http://schemas.microsoft.com/developer/msbuild/2003">
  <ItemGroup>
    <Filter Include="base_nodes">
      <UniqueIdentifier>{99195912-3184-4818-b60f-4d770341b94b}</UniqueIdentifier>
    </Filter>
    <Filter Include="cocoa">
      <UniqueIdentifier>{2020df03-ddbb-411d-bb16-4c734183cabf}</UniqueIdentifier>
    </Filter>
    <Filter Include="effects">
      <UniqueIdentifier>{bd0f02b1-3f4d-455e-bd01-8b2d2327ac7b}</UniqueIdentifier>
    </Filter>
    <Filter Include="actions">
      <UniqueIdentifier>{b7edcdd7-d923-4c64-88a8-8ffe2e64a567}</UniqueIdentifier>
    </Filter>
    <Filter Include="include">
      <UniqueIdentifier>{c86d32d2-ae88-4ddc-8121-bde0f8affc8c}</UniqueIdentifier>
    </Filter>
    <Filter Include="label_nodes">
      <UniqueIdentifier>{36ab51ea-13ae-49f4-b66e-c0621a8f2f62}</UniqueIdentifier>
    </Filter>
    <Filter Include="layers_scenes_transitions_nodes">
      <UniqueIdentifier>{94e88cb5-6a6d-4fe5-917e-31afad30b779}</UniqueIdentifier>
    </Filter>
    <Filter Include="menu_nodes">
      <UniqueIdentifier>{6ff8e2b3-44dc-4086-b114-58c00ceb6dbb}</UniqueIdentifier>
    </Filter>
    <Filter Include="misc_nodes">
      <UniqueIdentifier>{c8470485-9b3d-4870-b547-2bdf543d3daf}</UniqueIdentifier>
    </Filter>
    <Filter Include="particle_nodes">
      <UniqueIdentifier>{fa8ec1d8-179c-42ed-940c-ebb8341acb48}</UniqueIdentifier>
    </Filter>
    <Filter Include="platform">
      <UniqueIdentifier>{22e4f07e-058c-4594-b090-604ecb37ad86}</UniqueIdentifier>
    </Filter>
    <Filter Include="platform\win32">
      <UniqueIdentifier>{0f8e0090-38f5-49b1-9aaa-e2c36cc4099c}</UniqueIdentifier>
    </Filter>
    <Filter Include="sprite_nodes">
      <UniqueIdentifier>{0dd43aaa-c574-402c-85ee-96567cc6faf3}</UniqueIdentifier>
    </Filter>
    <Filter Include="support">
      <UniqueIdentifier>{728e0fdd-b8c8-4853-a53f-8c53b6cb5e7e}</UniqueIdentifier>
    </Filter>
    <Filter Include="support\data_support">
      <UniqueIdentifier>{be647a06-1272-4461-902a-3e94d2b94045}</UniqueIdentifier>
    </Filter>
    <Filter Include="support\image_support">
      <UniqueIdentifier>{d981adce-d02a-44e4-8e20-976ea349c056}</UniqueIdentifier>
    </Filter>
    <Filter Include="support\zip_support">
      <UniqueIdentifier>{d5ad71ea-7427-42da-8725-c2ea1d0e6a07}</UniqueIdentifier>
    </Filter>
    <Filter Include="textures">
      <UniqueIdentifier>{fd9acf06-b845-4b53-a793-5edf16712f6c}</UniqueIdentifier>
    </Filter>
    <Filter Include="tileMap_parallax_nodes">
      <UniqueIdentifier>{4f5f948a-f164-40eb-9169-2a79ae50f501}</UniqueIdentifier>
    </Filter>
    <Filter Include="touch_dispatcher">
      <UniqueIdentifier>{2d13da54-9682-4acd-b1a4-ab60a9d26eb9}</UniqueIdentifier>
    </Filter>
    <Filter Include="keypad_dispatcher">
      <UniqueIdentifier>{d8785c5e-1bee-4fad-87a0-fd9371014ba7}</UniqueIdentifier>
    </Filter>
    <Filter Include="text_input_node">
      <UniqueIdentifier>{5466b192-bfc4-4eef-a43e-1595c1076c82}</UniqueIdentifier>
    </Filter>
    <Filter Include="script_support">
      <UniqueIdentifier>{55b8414a-5ec0-4294-8abc-80ce665799c5}</UniqueIdentifier>
    </Filter>
    <Filter Include="extensions">
      <UniqueIdentifier>{884bcb8f-2a79-4b98-aa34-3b6dff6f789b}</UniqueIdentifier>
    </Filter>
  </ItemGroup>
  <ItemGroup>
    <ClCompile Include="..\base_nodes\CCAtlasNode.cpp">
      <Filter>base_nodes</Filter>
    </ClCompile>
    <ClCompile Include="..\base_nodes\CCNode.cpp">
      <Filter>base_nodes</Filter>
    </ClCompile>
    <ClCompile Include="..\cocoa\CCAffineTransform.cpp">
      <Filter>cocoa</Filter>
    </ClCompile>
    <ClCompile Include="..\cocoa\CCAutoreleasePool.cpp">
      <Filter>cocoa</Filter>
    </ClCompile>
    <ClCompile Include="..\cocoa\CCData.cpp">
      <Filter>cocoa</Filter>
    </ClCompile>
    <ClCompile Include="..\cocoa\CCGeometry.cpp">
      <Filter>cocoa</Filter>
    </ClCompile>
    <ClCompile Include="..\cocoa\CCNS.cpp">
      <Filter>cocoa</Filter>
    </ClCompile>
    <ClCompile Include="..\cocoa\CCObject.cpp">
      <Filter>cocoa</Filter>
    </ClCompile>
    <ClCompile Include="..\cocoa\CCSet.cpp">
      <Filter>cocoa</Filter>
    </ClCompile>
    <ClCompile Include="..\cocoa\CCZone.cpp">
      <Filter>cocoa</Filter>
    </ClCompile>
    <ClCompile Include="..\effects\CCGrabber.cpp">
      <Filter>effects</Filter>
    </ClCompile>
    <ClCompile Include="..\effects\CCGrid.cpp">
      <Filter>effects</Filter>
    </ClCompile>
    <ClCompile Include="..\actions\CCAction.cpp">
      <Filter>actions</Filter>
    </ClCompile>
    <ClCompile Include="..\actions\CCActionCamera.cpp">
      <Filter>actions</Filter>
    </ClCompile>
    <ClCompile Include="..\actions\CCActionEase.cpp">
      <Filter>actions</Filter>
    </ClCompile>
    <ClCompile Include="..\actions\CCActionGrid.cpp">
      <Filter>actions</Filter>
    </ClCompile>
    <ClCompile Include="..\actions\CCActionGrid3D.cpp">
      <Filter>actions</Filter>
    </ClCompile>
    <ClCompile Include="..\actions\CCActionInstant.cpp">
      <Filter>actions</Filter>
    </ClCompile>
    <ClCompile Include="..\actions\CCActionInterval.cpp">
      <Filter>actions</Filter>
    </ClCompile>
    <ClCompile Include="..\actions\CCActionManager.cpp">
      <Filter>actions</Filter>
    </ClCompile>
    <ClCompile Include="..\actions\CCActionPageTurn3D.cpp">
      <Filter>actions</Filter>
    </ClCompile>
    <ClCompile Include="..\actions\CCActionProgressTimer.cpp">
      <Filter>actions</Filter>
    </ClCompile>
    <ClCompile Include="..\actions\CCActionTiledGrid.cpp">
      <Filter>actions</Filter>
    </ClCompile>
    <ClCompile Include="..\label_nodes\CCLabelAtlas.cpp">
      <Filter>label_nodes</Filter>
    </ClCompile>
    <ClCompile Include="..\label_nodes\CCLabelBMFont.cpp">
      <Filter>label_nodes</Filter>
    </ClCompile>
    <ClCompile Include="..\label_nodes\CCLabelTTF.cpp">
      <Filter>label_nodes</Filter>
    </ClCompile>
    <ClCompile Include="..\layers_scenes_transitions_nodes\CCLayer.cpp">
      <Filter>layers_scenes_transitions_nodes</Filter>
    </ClCompile>
    <ClCompile Include="..\layers_scenes_transitions_nodes\CCScene.cpp">
      <Filter>layers_scenes_transitions_nodes</Filter>
    </ClCompile>
    <ClCompile Include="..\layers_scenes_transitions_nodes\CCTransition.cpp">
      <Filter>layers_scenes_transitions_nodes</Filter>
    </ClCompile>
    <ClCompile Include="..\layers_scenes_transitions_nodes\CCTransitionPageTurn.cpp">
      <Filter>layers_scenes_transitions_nodes</Filter>
    </ClCompile>
    <ClCompile Include="..\layers_scenes_transitions_nodes\CCTransitionRadial.cpp">
      <Filter>layers_scenes_transitions_nodes</Filter>
    </ClCompile>
    <ClCompile Include="..\menu_nodes\CCMenu.cpp">
      <Filter>menu_nodes</Filter>
    </ClCompile>
    <ClCompile Include="..\menu_nodes\CCMenuItem.cpp">
      <Filter>menu_nodes</Filter>
    </ClCompile>
    <ClCompile Include="..\misc_nodes\CCMotionStreak.cpp">
      <Filter>misc_nodes</Filter>
    </ClCompile>
    <ClCompile Include="..\misc_nodes\CCProgressTimer.cpp">
      <Filter>misc_nodes</Filter>
    </ClCompile>
    <ClCompile Include="..\misc_nodes\CCRenderTexture.cpp">
      <Filter>misc_nodes</Filter>
    </ClCompile>
    <ClCompile Include="..\misc_nodes\CCRibbon.cpp">
      <Filter>misc_nodes</Filter>
    </ClCompile>
    <ClCompile Include="..\particle_nodes\CCParticleExamples.cpp">
      <Filter>particle_nodes</Filter>
    </ClCompile>
    <ClCompile Include="..\particle_nodes\CCParticleSystem.cpp">
      <Filter>particle_nodes</Filter>
    </ClCompile>
    <ClCompile Include="..\particle_nodes\CCParticleSystemPoint.cpp">
      <Filter>particle_nodes</Filter>
    </ClCompile>
    <ClCompile Include="..\particle_nodes\CCParticleSystemQuad.cpp">
      <Filter>particle_nodes</Filter>
    </ClCompile>
    <ClCompile Include="..\platform\CCCommon.cpp">
      <Filter>platform</Filter>
    </ClCompile>
    <ClCompile Include="..\platform\CCFileUtils.cpp">
      <Filter>platform</Filter>
    </ClCompile>
    <ClCompile Include="..\platform\CCGL.cpp">
      <Filter>platform</Filter>
    </ClCompile>
    <ClCompile Include="..\platform\CCImage.cpp">
      <Filter>platform</Filter>
    </ClCompile>
    <ClCompile Include="..\platform\CCSAXParser.cpp">
      <Filter>platform</Filter>
    </ClCompile>
    <ClCompile Include="..\platform\CCStdC.cpp">
      <Filter>platform</Filter>
    </ClCompile>
    <ClCompile Include="..\platform\CCThread.cpp">
      <Filter>platform</Filter>
    </ClCompile>
    <ClCompile Include="..\platform\platform.cpp">
      <Filter>platform</Filter>
    </ClCompile>
    <ClCompile Include="..\platform\win32\CCAccelerometer_win32.cpp">
      <Filter>platform\win32</Filter>
    </ClCompile>
    <ClCompile Include="..\platform\win32\CCApplication_win32.cpp">
      <Filter>platform\win32</Filter>
    </ClCompile>
    <ClCompile Include="..\platform\win32\CCEGLView_win32.cpp">
      <Filter>platform\win32</Filter>
    </ClCompile>
    <ClCompile Include="..\sprite_nodes\CCAnimation.cpp">
      <Filter>sprite_nodes</Filter>
    </ClCompile>
    <ClCompile Include="..\sprite_nodes\CCAnimationCache.cpp">
      <Filter>sprite_nodes</Filter>
    </ClCompile>
    <ClCompile Include="..\sprite_nodes\CCSprite.cpp">
      <Filter>sprite_nodes</Filter>
    </ClCompile>
    <ClCompile Include="..\sprite_nodes\CCSpriteBatchNode.cpp">
      <Filter>sprite_nodes</Filter>
    </ClCompile>
    <ClCompile Include="..\sprite_nodes\CCSpriteFrame.cpp">
      <Filter>sprite_nodes</Filter>
    </ClCompile>
    <ClCompile Include="..\sprite_nodes\CCSpriteFrameCache.cpp">
      <Filter>sprite_nodes</Filter>
    </ClCompile>
    <ClCompile Include="..\support\base64.cpp">
      <Filter>support</Filter>
    </ClCompile>
    <ClCompile Include="..\support\CCArray.cpp">
      <Filter>support</Filter>
    </ClCompile>
    <ClCompile Include="..\support\CCPointExtension.cpp">
      <Filter>support</Filter>
    </ClCompile>
    <ClCompile Include="..\support\CCProfiling.cpp">
      <Filter>support</Filter>
    </ClCompile>
    <ClCompile Include="..\support\CCUserDefault.cpp">
      <Filter>support</Filter>
    </ClCompile>
    <ClCompile Include="..\support\ccUtils.cpp">
      <Filter>support</Filter>
    </ClCompile>
    <ClCompile Include="..\support\TransformUtils.cpp">
      <Filter>support</Filter>
    </ClCompile>
    <ClCompile Include="..\support\image_support\TGAlib.cpp">
      <Filter>support\image_support</Filter>
    </ClCompile>
    <ClCompile Include="..\support\zip_support\ioapi.cpp">
      <Filter>support\zip_support</Filter>
    </ClCompile>
    <ClCompile Include="..\support\zip_support\unzip.cpp">
      <Filter>support\zip_support</Filter>
    </ClCompile>
    <ClCompile Include="..\support\zip_support\ZipUtils.cpp">
      <Filter>support\zip_support</Filter>
    </ClCompile>
    <ClCompile Include="..\textures\CCTexture2D.cpp">
      <Filter>textures</Filter>
    </ClCompile>
    <ClCompile Include="..\textures\CCTextureAtlas.cpp">
      <Filter>textures</Filter>
    </ClCompile>
    <ClCompile Include="..\textures\CCTextureCache.cpp">
      <Filter>textures</Filter>
    </ClCompile>
    <ClCompile Include="..\textures\CCTexturePVR.cpp">
      <Filter>textures</Filter>
    </ClCompile>
    <ClCompile Include="..\tileMap_parallax_nodes\CCParallaxNode.cpp">
      <Filter>tileMap_parallax_nodes</Filter>
    </ClCompile>
    <ClCompile Include="..\tileMap_parallax_nodes\CCTileMapAtlas.cpp">
      <Filter>tileMap_parallax_nodes</Filter>
    </ClCompile>
    <ClCompile Include="..\tileMap_parallax_nodes\CCTMXLayer.cpp">
      <Filter>tileMap_parallax_nodes</Filter>
    </ClCompile>
    <ClCompile Include="..\tileMap_parallax_nodes\CCTMXObjectGroup.cpp">
      <Filter>tileMap_parallax_nodes</Filter>
    </ClCompile>
    <ClCompile Include="..\tileMap_parallax_nodes\CCTMXTiledMap.cpp">
      <Filter>tileMap_parallax_nodes</Filter>
    </ClCompile>
    <ClCompile Include="..\tileMap_parallax_nodes\CCTMXXMLParser.cpp">
      <Filter>tileMap_parallax_nodes</Filter>
    </ClCompile>
    <ClCompile Include="..\touch_dispatcher\CCTouchDispatcher.cpp">
      <Filter>touch_dispatcher</Filter>
    </ClCompile>
    <ClCompile Include="..\touch_dispatcher\CCTouchHandler.cpp">
      <Filter>touch_dispatcher</Filter>
    </ClCompile>
    <ClCompile Include="..\keypad_dispatcher\CCKeypadDelegate.cpp">
      <Filter>keypad_dispatcher</Filter>
    </ClCompile>
    <ClCompile Include="..\keypad_dispatcher\CCKeypadDispatcher.cpp">
      <Filter>keypad_dispatcher</Filter>
    </ClCompile>
    <ClCompile Include="..\text_input_node\CCIMEDispatcher.cpp">
      <Filter>text_input_node</Filter>
    </ClCompile>
    <ClCompile Include="..\text_input_node\CCTextFieldTTF.cpp">
      <Filter>text_input_node</Filter>
    </ClCompile>
    <ClCompile Include="..\script_support\CCScriptSupport.cpp">
      <Filter>script_support</Filter>
    </ClCompile>
    <ClCompile Include="..\extensions\CCNotificationCenter.cpp">
      <Filter>extensions</Filter>
    </ClCompile>
    <ClCompile Include="..\CCCamera.cpp" />
    <ClCompile Include="..\CCConfiguration.cpp" />
    <ClCompile Include="..\CCDirector.cpp" />
    <ClCompile Include="..\CCDrawingPrimitives.cpp" />
    <ClCompile Include="..\CCScheduler.cpp" />
    <ClCompile Include="..\cocos2d.cpp" />
    <ClCompile Include="..\extensions\CCInputDispatcher.cpp">
      <Filter>extensions</Filter>
    </ClCompile>
    <ClCompile Include="..\extensions\CCInputEvent.cpp">
      <Filter>extensions</Filter>
    </ClCompile>
    <ClCompile Include="..\extensions\CCInputListener.cpp">
      <Filter>extensions</Filter>
    </ClCompile>
  </ItemGroup>
  <ItemGroup>
    <ClInclude Include="..\cocoa\CCNS.h">
      <Filter>cocoa</Filter>
    </ClInclude>
    <ClInclude Include="..\effects\CCGrabber.h">
      <Filter>effects</Filter>
    </ClInclude>
    <ClInclude Include="..\effects\CCGrid.h">
      <Filter>effects</Filter>
    </ClInclude>
    <ClInclude Include="..\include\CCAccelerometer.h">
      <Filter>include</Filter>
    </ClInclude>
    <ClInclude Include="..\include\CCAccelerometerDelegate.h">
      <Filter>include</Filter>
    </ClInclude>
    <ClInclude Include="..\include\CCAction.h">
      <Filter>include</Filter>
    </ClInclude>
    <ClInclude Include="..\include\CCActionCamera.h">
      <Filter>include</Filter>
    </ClInclude>
    <ClInclude Include="..\include\CCActionEase.h">
      <Filter>include</Filter>
    </ClInclude>
    <ClInclude Include="..\include\CCActionGrid.h">
      <Filter>include</Filter>
    </ClInclude>
    <ClInclude Include="..\include\CCActionGrid3D.h">
      <Filter>include</Filter>
    </ClInclude>
    <ClInclude Include="..\include\CCActionInstant.h">
      <Filter>include</Filter>
    </ClInclude>
    <ClInclude Include="..\include\CCActionInterval.h">
      <Filter>include</Filter>
    </ClInclude>
    <ClInclude Include="..\include\CCActionManager.h">
      <Filter>include</Filter>
    </ClInclude>
    <ClInclude Include="..\include\CCActionPageTurn3D.h">
      <Filter>include</Filter>
    </ClInclude>
    <ClInclude Include="..\include\CCActionProgressTimer.h">
      <Filter>include</Filter>
    </ClInclude>
    <ClInclude Include="..\include\CCActionTiledGrid.h">
      <Filter>include</Filter>
    </ClInclude>
    <ClInclude Include="..\include\CCAffineTransform.h">
      <Filter>include</Filter>
    </ClInclude>
    <ClInclude Include="..\include\CCAnimation.h">
      <Filter>include</Filter>
    </ClInclude>
    <ClInclude Include="..\include\CCAnimationCache.h">
      <Filter>include</Filter>
    </ClInclude>
    <ClInclude Include="..\include\CCApplication.h">
      <Filter>include</Filter>
    </ClInclude>
    <ClInclude Include="..\include\CCArray.h">
      <Filter>include</Filter>
    </ClInclude>
    <ClInclude Include="..\include\CCAtlasNode.h">
      <Filter>include</Filter>
    </ClInclude>
    <ClInclude Include="..\include\CCAutoreleasePool.h">
      <Filter>include</Filter>
    </ClInclude>
    <ClInclude Include="..\include\CCCamera.h">
      <Filter>include</Filter>
    </ClInclude>
    <ClInclude Include="..\include\ccConfig.h">
      <Filter>include</Filter>
    </ClInclude>
    <ClInclude Include="..\include\CCData.h">
      <Filter>include</Filter>
    </ClInclude>
    <ClInclude Include="..\include\CCDirector.h">
      <Filter>include</Filter>
    </ClInclude>
    <ClInclude Include="..\include\CCDrawingPrimitives.h">
      <Filter>include</Filter>
    </ClInclude>
    <ClInclude Include="..\include\CCEGLView.h">
      <Filter>include</Filter>
    </ClInclude>
    <ClInclude Include="..\include\CCGeometry.h">
      <Filter>include</Filter>
    </ClInclude>
    <ClInclude Include="..\include\CCGL.h">
      <Filter>include</Filter>
    </ClInclude>
    <ClInclude Include="..\include\CCIMEDelegate.h">
      <Filter>include</Filter>
    </ClInclude>
    <ClInclude Include="..\include\CCIMEDispatcher.h">
      <Filter>include</Filter>
    </ClInclude>
    <ClInclude Include="..\include\CCKeypadDelegate.h">
      <Filter>include</Filter>
    </ClInclude>
    <ClInclude Include="..\include\CCKeypadDispatcher.h">
      <Filter>include</Filter>
    </ClInclude>
    <ClInclude Include="..\include\CCLabelAtlas.h">
      <Filter>include</Filter>
    </ClInclude>
    <ClInclude Include="..\include\CCLabelBMFont.h">
      <Filter>include</Filter>
    </ClInclude>
    <ClInclude Include="..\include\CCLabelTTF.h">
      <Filter>include</Filter>
    </ClInclude>
    <ClInclude Include="..\include\CCLayer.h">
      <Filter>include</Filter>
    </ClInclude>
    <ClInclude Include="..\include\ccMacros.h">
      <Filter>include</Filter>
    </ClInclude>
    <ClInclude Include="..\include\CCMenu.h">
      <Filter>include</Filter>
    </ClInclude>
    <ClInclude Include="..\include\CCMenuItem.h">
      <Filter>include</Filter>
    </ClInclude>
    <ClInclude Include="..\include\CCMotionStreak.h">
      <Filter>include</Filter>
    </ClInclude>
    <ClInclude Include="..\include\CCMutableArray.h">
      <Filter>include</Filter>
    </ClInclude>
    <ClInclude Include="..\include\CCMutableDictionary.h">
      <Filter>include</Filter>
    </ClInclude>
    <ClInclude Include="..\include\CCNode.h">
      <Filter>include</Filter>
    </ClInclude>
    <ClInclude Include="..\include\CCObject.h">
      <Filter>include</Filter>
    </ClInclude>
    <ClInclude Include="..\include\CCParallaxNode.h">
      <Filter>include</Filter>
    </ClInclude>
    <ClInclude Include="..\include\CCParticleExamples.h">
      <Filter>include</Filter>
    </ClInclude>
    <ClInclude Include="..\include\CCParticleSystem.h">
      <Filter>include</Filter>
    </ClInclude>
    <ClInclude Include="..\include\CCParticleSystemPoint.h">
      <Filter>include</Filter>
    </ClInclude>
    <ClInclude Include="..\include\CCParticleSystemQuad.h">
      <Filter>include</Filter>
    </ClInclude>
    <ClInclude Include="..\include\CCPointExtension.h">
      <Filter>include</Filter>
    </ClInclude>
    <ClInclude Include="..\include\CCProgressTimer.h">
      <Filter>include</Filter>
    </ClInclude>
    <ClInclude Include="..\include\CCProtocols.h">
      <Filter>include</Filter>
    </ClInclude>
    <ClInclude Include="..\include\CCRenderTexture.h">
      <Filter>include</Filter>
    </ClInclude>
    <ClInclude Include="..\include\CCRibbon.h">
      <Filter>include</Filter>
    </ClInclude>
    <ClInclude Include="..\include\CCScene.h">
      <Filter>include</Filter>
    </ClInclude>
    <ClInclude Include="..\include\CCScheduler.h">
      <Filter>include</Filter>
    </ClInclude>
    <ClInclude Include="..\include\CCScriptSupport.h">
      <Filter>include</Filter>
    </ClInclude>
    <ClInclude Include="..\include\CCSet.h">
      <Filter>include</Filter>
    </ClInclude>
    <ClInclude Include="..\include\CCSprite.h">
      <Filter>include</Filter>
    </ClInclude>
    <ClInclude Include="..\include\CCSpriteBatchNode.h">
      <Filter>include</Filter>
    </ClInclude>
    <ClInclude Include="..\include\CCSpriteFrame.h">
      <Filter>include</Filter>
    </ClInclude>
    <ClInclude Include="..\include\CCSpriteFrameCache.h">
      <Filter>include</Filter>
    </ClInclude>
    <ClInclude Include="..\include\CCString.h">
      <Filter>include</Filter>
    </ClInclude>
    <ClInclude Include="..\include\CCTextFieldTTF.h">
      <Filter>include</Filter>
    </ClInclude>
    <ClInclude Include="..\include\CCTexture2D.h">
      <Filter>include</Filter>
    </ClInclude>
    <ClInclude Include="..\include\CCTextureAtlas.h">
      <Filter>include</Filter>
    </ClInclude>
    <ClInclude Include="..\include\CCTextureCache.h">
      <Filter>include</Filter>
    </ClInclude>
    <ClInclude Include="..\include\CCTexturePVR.h">
      <Filter>include</Filter>
    </ClInclude>
    <ClInclude Include="..\include\CCTileMapAtlas.h">
      <Filter>include</Filter>
    </ClInclude>
    <ClInclude Include="..\include\CCTMXLayer.h">
      <Filter>include</Filter>
    </ClInclude>
    <ClInclude Include="..\include\CCTMXObjectGroup.h">
      <Filter>include</Filter>
    </ClInclude>
    <ClInclude Include="..\include\CCTMXTiledMap.h">
      <Filter>include</Filter>
    </ClInclude>
    <ClInclude Include="..\include\CCTMXXMLParser.h">
      <Filter>include</Filter>
    </ClInclude>
    <ClInclude Include="..\include\CCTouch.h">
      <Filter>include</Filter>
    </ClInclude>
    <ClInclude Include="..\include\CCTouchDelegateProtocol.h">
      <Filter>include</Filter>
    </ClInclude>
    <ClInclude Include="..\include\CCTouchDispatcher.h">
      <Filter>include</Filter>
    </ClInclude>
    <ClInclude Include="..\include\CCTouchHandler.h">
      <Filter>include</Filter>
    </ClInclude>
    <ClInclude Include="..\include\CCTransition.h">
      <Filter>include</Filter>
    </ClInclude>
    <ClInclude Include="..\include\CCTransitionPageTurn.h">
      <Filter>include</Filter>
    </ClInclude>
    <ClInclude Include="..\include\CCTransitionRadial.h">
      <Filter>include</Filter>
    </ClInclude>
    <ClInclude Include="..\include\ccTypes.h">
      <Filter>include</Filter>
    </ClInclude>
    <ClInclude Include="..\include\CCUserDefault.h">
      <Filter>include</Filter>
    </ClInclude>
    <ClInclude Include="..\include\CCZone.h">
      <Filter>include</Filter>
    </ClInclude>
    <ClInclude Include="..\include\cocos2d.h">
      <Filter>include</Filter>
    </ClInclude>
    <ClInclude Include="..\platform\CCAccelerometer_platform.h">
      <Filter>platform</Filter>
    </ClInclude>
    <ClInclude Include="..\platform\CCApplication_platform.h">
      <Filter>platform</Filter>
    </ClInclude>
    <ClInclude Include="..\platform\CCArchOptimalParticleSystem.h">
      <Filter>platform</Filter>
    </ClInclude>
    <ClInclude Include="..\platform\CCCommon.h">
      <Filter>platform</Filter>
    </ClInclude>
    <ClInclude Include="..\platform\CCEGLView_platform.h">
      <Filter>platform</Filter>
    </ClInclude>
    <ClInclude Include="..\platform\CCFileUtils.h">
      <Filter>platform</Filter>
    </ClInclude>
    <ClInclude Include="..\platform\CCGL.h">
      <Filter>platform</Filter>
    </ClInclude>
    <ClInclude Include="..\platform\CCImage.h">
      <Filter>platform</Filter>
    </ClInclude>
    <ClInclude Include="..\platform\CCLibxml2.h">
      <Filter>platform</Filter>
    </ClInclude>
    <ClInclude Include="..\platform\CCPlatformConfig.h">
      <Filter>platform</Filter>
    </ClInclude>
    <ClInclude Include="..\platform\CCPlatformMacros.h">
      <Filter>platform</Filter>
    </ClInclude>
    <ClInclude Include="..\platform\CCSAXParser.h">
      <Filter>platform</Filter>
    </ClInclude>
    <ClInclude Include="..\platform\CCStdC.h">
      <Filter>platform</Filter>
    </ClInclude>
    <ClInclude Include="..\platform\CCThread.h">
      <Filter>platform</Filter>
    </ClInclude>
    <ClInclude Include="..\platform\platform.h">
      <Filter>platform</Filter>
    </ClInclude>
    <ClInclude Include="..\platform\win32\CCAccelerometer_win32.h">
      <Filter>platform\win32</Filter>
    </ClInclude>
    <ClInclude Include="..\platform\win32\CCApplication_win32.h">
      <Filter>platform\win32</Filter>
    </ClInclude>
    <ClInclude Include="..\platform\win32\CCEGLView_win32.h">
      <Filter>platform\win32</Filter>
    </ClInclude>
    <ClInclude Include="..\support\base64.h">
      <Filter>support</Filter>
    </ClInclude>
    <ClInclude Include="..\support\CCProfiling.h">
      <Filter>support</Filter>
    </ClInclude>
    <ClInclude Include="..\support\ccUtils.h">
      <Filter>support</Filter>
    </ClInclude>
    <ClInclude Include="..\support\TransformUtils.h">
      <Filter>support</Filter>
    </ClInclude>
    <ClInclude Include="..\support\data_support\ccCArray.h">
      <Filter>support\data_support</Filter>
    </ClInclude>
    <ClInclude Include="..\support\data_support\uthash.h">
      <Filter>support\data_support</Filter>
    </ClInclude>
    <ClInclude Include="..\support\data_support\utlist.h">
      <Filter>support\data_support</Filter>
    </ClInclude>
    <ClInclude Include="..\support\image_support\TGAlib.h">
      <Filter>support\image_support</Filter>
    </ClInclude>
    <ClInclude Include="..\support\zip_support\ioapi.h">
      <Filter>support\zip_support</Filter>
    </ClInclude>
    <ClInclude Include="..\support\zip_support\unzip.h">
      <Filter>support\zip_support</Filter>
    </ClInclude>
    <ClInclude Include="..\support\zip_support\ZipUtils.h">
      <Filter>support\zip_support</Filter>
    </ClInclude>
    <ClInclude Include="..\extensions\CCNotificationCenter.h">
      <Filter>extensions</Filter>
    </ClInclude>
    <ClInclude Include="..\CCConfiguration.h" />
    <ClInclude Include="..\extensions\CCInputDispatcher.h">
      <Filter>extensions</Filter>
    </ClInclude>
    <ClInclude Include="..\extensions\CCInputEvent.h">
      <Filter>extensions</Filter>
    </ClInclude>
    <ClInclude Include="..\extensions\CCInputListener.h">
      <Filter>extensions</Filter>
    </ClInclude>
  </ItemGroup>
</Project>